{
  "name": "bt-ccxt-store",
  "lockfileVersion": 2,
  "requires": true,
  "packages": {
    "": {
      "dependencies": {
        "ccxt": "^1.93.13"
      }
    },
    "node_modules/ccxt": {
      "version": "1.93.13",
      "resolved": "https://registry.npmmirror.com/ccxt/-/ccxt-1.93.13.tgz",
      "integrity": "sha512-OTkJN1PnAxHPJGa3Bd+fIj8MMUi2JomVOrdP9h8LHkWKZmkrHHWh/fhzLEAxoAEVR/irh+iLfV2U9azrYHWUOA==",
      "hasInstallScript": true,
      "engines": {
        "node": ">=10.4.0"
      }
    }
  },
  "dependencies": {
    "ccxt": {
      "version": "1.93.13",
      "resolved": "https://registry.npmmirror.com/ccxt/-/ccxt-1.93.13.tgz",
      "integrity": "sha512-OTkJN1PnAxHPJGa3Bd+fIj8MMUi2JomVOrdP9h8LHkWKZmkrHHWh/fhzLEAxoAEVR/irh+iLfV2U9azrYHWUOA=="
    }
  }
}
